
Microsoft Visual Studio Solution File, Format Version 12.00
# Visual Studio Version 17
VisualStudioVersion = 17.3.32929.385
MinimumVisualStudioVersion = 10.0.40219.1
Project("{FAE04EC0-301F-11D3-BF4B-00C04F79EFBC}") = "uc1lengthOfLine", "uc1lengthOfLine\uc1lengthOfLine.csproj", "{F9FCC89D-3F37-4754-901E-B2360B8A2577}"
EndProject
Global
	GlobalSection(SolutionConfigurationPlatforms) = preSolution
		Debug|Any CPU = Debug|Any CPU
		Release|Any CPU = Release|Any CPU
	EndGlobalSection
	GlobalSection(ProjectConfigurationPlatforms) = postSolution
		{F9FCC89D-3F37-4754-901E-B2360B8A2577}.Debug|Any CPU.ActiveCfg = Debug|Any CPU
		{F9FCC89D-3F37-4754-901E-B2360B8A2577}.Debug|Any CPU.Build.0 = Debug|Any CPU
		{F9FCC89D-3F37-4754-901E-B2360B8A2577}.Release|Any CPU.ActiveCfg = Release|Any CPU
		{F9FCC89D-3F37-4754-901E-B2360B8A2577}.Release|Any CPU.Build.0 = Release|Any CPU
	EndGlobalSection
	GlobalSection(SolutionProperties) = preSolution
		HideSolutionNode = FALSE
	EndGlobalSection
	GlobalSection(ExtensibilityGlobals) = postSolution
		SolutionGuid = {392EC419-C497-4BAC-9841-EC585204F035}
	EndGlobalSection
EndGlobal
